
Microsoft Visual Studio Solution File, Format Version 12.00
# Visual Studio Version 17
VisualStudioVersion = 17.11.35431.28
MinimumVisualStudioVersion = 10.0.40219.1
Project("{FAE04EC0-301F-11D3-BF4B-00C04F79EFBC}") = "SynapseAPI", "SynapseAPI.csproj", "{0EF20420-10B5-4C40-8E0C-31155AE8F7C8}"
EndProject
Project("{FAE04EC0-301F-11D3-BF4B-00C04F79EFBC}") = "Core.Models", "..\Core.Models\Core.Models.csproj", "{67C83EC8-BA2F-48D6-94C3-8E7F7396D83E}"
EndProject
Project("{FAE04EC0-301F-11D3-BF4B-00C04F79EFBC}") = "Core.Utilities", "..\Core.Utilities\Core.Utilities.csproj", "{7CC789D9-B9D1-486F-A9F0-95C405AB6531}"
EndProject
Project("{FAE04EC0-301F-11D3-BF4B-00C04F79EFBC}") = "Core.Data", "..\Core.Data\Core.Data.csproj", "{992F8F38-D772-43F2-8C92-84E7B70573B1}"
	ProjectSection(ProjectDependencies) = postProject
		{24B313E8-3B12-4DE8-84F8-C214D0A297A6} = {24B313E8-3B12-4DE8-84F8-C214D0A297A6}
	EndProjectSection
EndProject
Project("{FAE04EC0-301F-11D3-BF4B-00C04F79EFBC}") = "Core.DBAccess", "..\Core.DBAccess\Core.DBAccess.csproj", "{24B313E8-3B12-4DE8-84F8-C214D0A297A6}"
EndProject
Project("{2150E333-8FDC-42A3-9474-1A3956D46DE8}") = "Web", "Web", "{02EA681E-C7D8-13C7-8484-4AC65E1B71E8}"
EndProject
Project("{FAE04EC0-301F-11D3-BF4B-00C04F79EFBC}") = "Synapse.Web", "..\..\WEB\Synapse.Web\Synapse.Web.csproj", "{8E012306-711F-41E3-99BE-B0A2C7FB1B5E}"
EndProject
Project("{FAE04EC0-301F-11D3-BF4B-00C04F79EFBC}") = "Synapse.Web.AdminOperationsPlugin", "..\..\WEB\Synapse.Web.AdminOperationsPlugin\Synapse.Web.AdminOperationsPlugin.csproj", "{47470325-2C53-4AC9-AAC4-1E2AF695477F}"
EndProject
Project("{FAE04EC0-301F-11D3-BF4B-00C04F79EFBC}") = "Synapse.Web.AlertsManagerPlugin", "..\..\WEB\Synapse.Web.AlertsManagerPlugin\Synapse.Web.AlertsManagerPlugin.csproj", "{81A0C765-25BE-4FE4-BFCA-BBC9EE099878}"
EndProject
Project("{FAE04EC0-301F-11D3-BF4B-00C04F79EFBC}") = "Synapse.Web.Campaign", "..\..\WEB\Synapse.Web.Campaign\Synapse.Web.Campaign.csproj", "{AD57C589-CFC8-4A30-BC3C-78227EA56BF3}"
EndProject
Project("{FAE04EC0-301F-11D3-BF4B-00C04F79EFBC}") = "Synapse.Web.CreditsManagementPlugin", "..\..\WEB\Synapse.Web.CreditsManagementPlugin\Synapse.Web.CreditsManagementPlugin.csproj", "{267A57F6-1017-4A7E-9CED-367A997BD83D}"
EndProject
Project("{FAE04EC0-301F-11D3-BF4B-00C04F79EFBC}") = "Synapse.Web.CustomersPlugin", "..\..\WEB\Synapse.Web.CustomersPlugin\Synapse.Web.CustomersPlugin.csproj", "{24C41730-929C-4932-99B9-C8376F57E4EA}"
EndProject
Project("{FAE04EC0-301F-11D3-BF4B-00C04F79EFBC}") = "Synapse.Web.DashboardPlugin", "..\..\WEB\Synapse.Web.DashboardPlugin\Synapse.Web.DashboardPlugin.csproj", "{E2D5F5E4-E510-4790-9E08-E939B0091D44}"
EndProject
Project("{FAE04EC0-301F-11D3-BF4B-00C04F79EFBC}") = "Synapse.Web.EmailPlugin", "..\..\WEB\Synapse.Web.EmailPlugin\Synapse.Web.EmailPlugin.csproj", "{96F818CA-7C46-40C0-B58E-E6E267231E57}"
EndProject
Project("{FAE04EC0-301F-11D3-BF4B-00C04F79EFBC}") = "Synapse.Web.EmailToSmsPlugin", "..\..\WEB\Synapse.Web.EmailToSmsPlugin\Synapse.Web.EmailToSmsPlugin.csproj", "{D6D3144E-A69E-4199-BB70-780ADAC220F2}"
EndProject
Project("{FAE04EC0-301F-11D3-BF4B-00C04F79EFBC}") = "Synapse.Web.MobilityCenterPlugin", "..\..\WEB\Synapse.Web.MobilityCenterPlugin\Synapse.Web.MobilityCenterPlugin.csproj", "{34D7BC6A-979E-4AC6-B79A-590E12863EF2}"
EndProject
Project("{FAE04EC0-301F-11D3-BF4B-00C04F79EFBC}") = "Synapse.Web.MOOperationsPlugin", "..\..\WEB\Synapse.Web.MOOperationsPlugin\Synapse.Web.MOOperationsPlugin.csproj", "{6499D297-D9FE-4084-A1C8-58B44C8322E0}"
EndProject
Project("{FAE04EC0-301F-11D3-BF4B-00C04F79EFBC}") = "Synapse.Web.PhoneBookPlugin", "..\..\WEB\Synapse.Web.PhoneBookPlugin\Synapse.Web.PhoneBookPlugin.csproj", "{D916B329-33AE-4606-B337-5DC92D13DB49}"
EndProject
Project("{FAE04EC0-301F-11D3-BF4B-00C04F79EFBC}") = "Synapse.Web.PushNotificationPlugin", "..\..\WEB\Synapse.Web.PushNotificationPlugin\Synapse.Web.PushNotificationPlugin.csproj", "{82736FAF-0956-4107-A6C9-AB5854B2E7ED}"
EndProject
Project("{FAE04EC0-301F-11D3-BF4B-00C04F79EFBC}") = "Synapse.Web.ReportsPlugin", "..\..\WEB\Synapse.Web.ReportsPlugin\Synapse.Web.ReportsPlugin.csproj", "{E6D55173-06F3-4A92-85F9-8343015B7389}"
EndProject
Project("{FAE04EC0-301F-11D3-BF4B-00C04F79EFBC}") = "Synapse.Web.SecurityManagementPlugin", "..\..\WEB\Synapse.Web.SecurityManagementPlugin\Synapse.Web.SecurityManagementPlugin.csproj", "{40454F6C-42E7-446E-8CE5-3687FDFF32E2}"
EndProject
Project("{FAE04EC0-301F-11D3-BF4B-00C04F79EFBC}") = "Synapse.Web.SMPPPlugin", "..\..\WEB\Synapse.Web.SMPPPlugin\Synapse.Web.SMPPPlugin.csproj", "{CC5BF6DD-7809-48DC-B93B-139B5CCAA091}"
EndProject
Project("{FAE04EC0-301F-11D3-BF4B-00C04F79EFBC}") = "Synapse.Web.SMSCSettingsPlugin", "..\..\WEB\Synapse.Web.SMSCSettingsPlugin\Synapse.Web.SMSCSettingsPlugin.csproj", "{EE8A0633-DF44-494C-8BF6-4D0B2C323B8B}"
EndProject
Project("{FAE04EC0-301F-11D3-BF4B-00C04F79EFBC}") = "Synapse.Web.TemplatesPlugin", "..\..\WEB\Synapse.Web.TemplatesPlugin\Synapse.Web.TemplatesPlugin.csproj", "{B235BCDF-D04D-4395-9AB6-2FC8B6171E74}"
EndProject
Project("{FAE04EC0-301F-11D3-BF4B-00C04F79EFBC}") = "Synapse.Web.UserManagementPlugin", "..\..\WEB\Synapse.Web.UserManagementPlugin\Synapse.Web.UserManagementPlugin.csproj", "{256258BF-B89F-4AFB-9681-114F41B7E60F}"
EndProject
Project("{FAE04EC0-301F-11D3-BF4B-00C04F79EFBC}") = "Synapse4WCFService", "..\..\WEB\Synapse4WCFService\Synapse4WCFService.csproj", "{209DB3F0-DB17-4FF3-BE10-8282E3F8DE97}"
EndProject
Project("{FAE04EC0-301F-11D3-BF4B-00C04F79EFBC}") = "ClientHTTPConsuming.Utilities", "..\ClientHTTPConsuming.Utilities\ClientHTTPConsuming.Utilities.csproj", "{132D8143-2094-4153-8E30-ABC2FA300E98}"
EndProject
Global
	GlobalSection(SolutionConfigurationPlatforms) = preSolution
		Debug|Any CPU = Debug|Any CPU
		Release|Any CPU = Release|Any CPU
	EndGlobalSection
	GlobalSection(ProjectConfigurationPlatforms) = postSolution
		{0EF20420-10B5-4C40-8E0C-31155AE8F7C8}.Debug|Any CPU.ActiveCfg = Debug|Any CPU
		{0EF20420-10B5-4C40-8E0C-31155AE8F7C8}.Debug|Any CPU.Build.0 = Debug|Any CPU
		{0EF20420-10B5-4C40-8E0C-31155AE8F7C8}.Release|Any CPU.ActiveCfg = Release|Any CPU
		{0EF20420-10B5-4C40-8E0C-31155AE8F7C8}.Release|Any CPU.Build.0 = Release|Any CPU
		{67C83EC8-BA2F-48D6-94C3-8E7F7396D83E}.Debug|Any CPU.ActiveCfg = Debug|Any CPU
		{67C83EC8-BA2F-48D6-94C3-8E7F7396D83E}.Debug|Any CPU.Build.0 = Debug|Any CPU
		{67C83EC8-BA2F-48D6-94C3-8E7F7396D83E}.Release|Any CPU.ActiveCfg = Release|Any CPU
		{67C83EC8-BA2F-48D6-94C3-8E7F7396D83E}.Release|Any CPU.Build.0 = Release|Any CPU
		{7CC789D9-B9D1-486F-A9F0-95C405AB6531}.Debug|Any CPU.ActiveCfg = Debug|Any CPU
		{7CC789D9-B9D1-486F-A9F0-95C405AB6531}.Debug|Any CPU.Build.0 = Debug|Any CPU
		{7CC789D9-B9D1-486F-A9F0-95C405AB6531}.Release|Any CPU.ActiveCfg = Release|Any CPU
		{7CC789D9-B9D1-486F-A9F0-95C405AB6531}.Release|Any CPU.Build.0 = Release|Any CPU
		{992F8F38-D772-43F2-8C92-84E7B70573B1}.Debug|Any CPU.ActiveCfg = Debug|Any CPU
		{992F8F38-D772-43F2-8C92-84E7B70573B1}.Debug|Any CPU.Build.0 = Debug|Any CPU
		{992F8F38-D772-43F2-8C92-84E7B70573B1}.Release|Any CPU.ActiveCfg = Release|Any CPU
		{992F8F38-D772-43F2-8C92-84E7B70573B1}.Release|Any CPU.Build.0 = Release|Any CPU
		{24B313E8-3B12-4DE8-84F8-C214D0A297A6}.Debug|Any CPU.ActiveCfg = Debug|Any CPU
		{24B313E8-3B12-4DE8-84F8-C214D0A297A6}.Debug|Any CPU.Build.0 = Debug|Any CPU
		{24B313E8-3B12-4DE8-84F8-C214D0A297A6}.Release|Any CPU.ActiveCfg = Release|Any CPU
		{24B313E8-3B12-4DE8-84F8-C214D0A297A6}.Release|Any CPU.Build.0 = Release|Any CPU
		{8E012306-711F-41E3-99BE-B0A2C7FB1B5E}.Debug|Any CPU.ActiveCfg = Debug|Any CPU
		{8E012306-711F-41E3-99BE-B0A2C7FB1B5E}.Debug|Any CPU.Build.0 = Debug|Any CPU
		{8E012306-711F-41E3-99BE-B0A2C7FB1B5E}.Release|Any CPU.ActiveCfg = Release|Any CPU
		{8E012306-711F-41E3-99BE-B0A2C7FB1B5E}.Release|Any CPU.Build.0 = Release|Any CPU
		{47470325-2C53-4AC9-AAC4-1E2AF695477F}.Debug|Any CPU.ActiveCfg = Debug|Any CPU
		{47470325-2C53-4AC9-AAC4-1E2AF695477F}.Debug|Any CPU.Build.0 = Debug|Any CPU
		{47470325-2C53-4AC9-AAC4-1E2AF695477F}.Release|Any CPU.ActiveCfg = Release|Any CPU
		{47470325-2C53-4AC9-AAC4-1E2AF695477F}.Release|Any CPU.Build.0 = Release|Any CPU
		{81A0C765-25BE-4FE4-BFCA-BBC9EE099878}.Debug|Any CPU.ActiveCfg = Debug|Any CPU
		{81A0C765-25BE-4FE4-BFCA-BBC9EE099878}.Debug|Any CPU.Build.0 = Debug|Any CPU
		{81A0C765-25BE-4FE4-BFCA-BBC9EE099878}.Release|Any CPU.ActiveCfg = Release|Any CPU
		{81A0C765-25BE-4FE4-BFCA-BBC9EE099878}.Release|Any CPU.Build.0 = Release|Any CPU
		{AD57C589-CFC8-4A30-BC3C-78227EA56BF3}.Debug|Any CPU.ActiveCfg = Debug|Any CPU
		{AD57C589-CFC8-4A30-BC3C-78227EA56BF3}.Debug|Any CPU.Build.0 = Debug|Any CPU
		{AD57C589-CFC8-4A30-BC3C-78227EA56BF3}.Release|Any CPU.ActiveCfg = Release|Any CPU
		{AD57C589-CFC8-4A30-BC3C-78227EA56BF3}.Release|Any CPU.Build.0 = Release|Any CPU
		{267A57F6-1017-4A7E-9CED-367A997BD83D}.Debug|Any CPU.ActiveCfg = Debug|Any CPU
		{267A57F6-1017-4A7E-9CED-367A997BD83D}.Debug|Any CPU.Build.0 = Debug|Any CPU
		{267A57F6-1017-4A7E-9CED-367A997BD83D}.Release|Any CPU.ActiveCfg = Release|Any CPU
		{267A57F6-1017-4A7E-9CED-367A997BD83D}.Release|Any CPU.Build.0 = Release|Any CPU
		{24C41730-929C-4932-99B9-C8376F57E4EA}.Debug|Any CPU.ActiveCfg = Debug|Any CPU
		{24C41730-929C-4932-99B9-C8376F57E4EA}.Debug|Any CPU.Build.0 = Debug|Any CPU
		{24C41730-929C-4932-99B9-C8376F57E4EA}.Release|Any CPU.ActiveCfg = Release|Any CPU
		{24C41730-929C-4932-99B9-C8376F57E4EA}.Release|Any CPU.Build.0 = Release|Any CPU
		{E2D5F5E4-E510-4790-9E08-E939B0091D44}.Debug|Any CPU.ActiveCfg = Debug|Any CPU
		{E2D5F5E4-E510-4790-9E08-E939B0091D44}.Debug|Any CPU.Build.0 = Debug|Any CPU
		{E2D5F5E4-E510-4790-9E08-E939B0091D44}.Release|Any CPU.ActiveCfg = Release|Any CPU
		{E2D5F5E4-E510-4790-9E08-E939B0091D44}.Release|Any CPU.Build.0 = Release|Any CPU
		{96F818CA-7C46-40C0-B58E-E6E267231E57}.Debug|Any CPU.ActiveCfg = Debug|Any CPU
		{96F818CA-7C46-40C0-B58E-E6E267231E57}.Debug|Any CPU.Build.0 = Debug|Any CPU
		{96F818CA-7C46-40C0-B58E-E6E267231E57}.Release|Any CPU.ActiveCfg = Release|Any CPU
		{96F818CA-7C46-40C0-B58E-E6E267231E57}.Release|Any CPU.Build.0 = Release|Any CPU
		{D6D3144E-A69E-4199-BB70-780ADAC220F2}.Debug|Any CPU.ActiveCfg = Debug|Any CPU
		{D6D3144E-A69E-4199-BB70-780ADAC220F2}.Debug|Any CPU.Build.0 = Debug|Any CPU
		{D6D3144E-A69E-4199-BB70-780ADAC220F2}.Release|Any CPU.ActiveCfg = Release|Any CPU
		{D6D3144E-A69E-4199-BB70-780ADAC220F2}.Release|Any CPU.Build.0 = Release|Any CPU
		{34D7BC6A-979E-4AC6-B79A-590E12863EF2}.Debug|Any CPU.ActiveCfg = Debug|Any CPU
		{34D7BC6A-979E-4AC6-B79A-590E12863EF2}.Debug|Any CPU.Build.0 = Debug|Any CPU
		{34D7BC6A-979E-4AC6-B79A-590E12863EF2}.Release|Any CPU.ActiveCfg = Release|Any CPU
		{34D7BC6A-979E-4AC6-B79A-590E12863EF2}.Release|Any CPU.Build.0 = Release|Any CPU
		{6499D297-D9FE-4084-A1C8-58B44C8322E0}.Debug|Any CPU.ActiveCfg = Debug|Any CPU
		{6499D297-D9FE-4084-A1C8-58B44C8322E0}.Debug|Any CPU.Build.0 = Debug|Any CPU
		{6499D297-D9FE-4084-A1C8-58B44C8322E0}.Release|Any CPU.ActiveCfg = Release|Any CPU
		{6499D297-D9FE-4084-A1C8-58B44C8322E0}.Release|Any CPU.Build.0 = Release|Any CPU
		{D916B329-33AE-4606-B337-5DC92D13DB49}.Debug|Any CPU.ActiveCfg = Debug|Any CPU
		{D916B329-33AE-4606-B337-5DC92D13DB49}.Debug|Any CPU.Build.0 = Debug|Any CPU
		{D916B329-33AE-4606-B337-5DC92D13DB49}.Release|Any CPU.ActiveCfg = Release|Any CPU
		{D916B329-33AE-4606-B337-5DC92D13DB49}.Release|Any CPU.Build.0 = Release|Any CPU
		{82736FAF-0956-4107-A6C9-AB5854B2E7ED}.Debug|Any CPU.ActiveCfg = Debug|Any CPU
		{82736FAF-0956-4107-A6C9-AB5854B2E7ED}.Debug|Any CPU.Build.0 = Debug|Any CPU
		{82736FAF-0956-4107-A6C9-AB5854B2E7ED}.Release|Any CPU.ActiveCfg = Release|Any CPU
		{82736FAF-0956-4107-A6C9-AB5854B2E7ED}.Release|Any CPU.Build.0 = Release|Any CPU
		{E6D55173-06F3-4A92-85F9-8343015B7389}.Debug|Any CPU.ActiveCfg = Debug|Any CPU
		{E6D55173-06F3-4A92-85F9-8343015B7389}.Debug|Any CPU.Build.0 = Debug|Any CPU
		{E6D55173-06F3-4A92-85F9-8343015B7389}.Release|Any CPU.ActiveCfg = Release|Any CPU
		{E6D55173-06F3-4A92-85F9-8343015B7389}.Release|Any CPU.Build.0 = Release|Any CPU
		{40454F6C-42E7-446E-8CE5-3687FDFF32E2}.Debug|Any CPU.ActiveCfg = Debug|Any CPU
		{40454F6C-42E7-446E-8CE5-3687FDFF32E2}.Debug|Any CPU.Build.0 = Debug|Any CPU
		{40454F6C-42E7-446E-8CE5-3687FDFF32E2}.Release|Any CPU.ActiveCfg = Release|Any CPU
		{40454F6C-42E7-446E-8CE5-3687FDFF32E2}.Release|Any CPU.Build.0 = Release|Any CPU
		{CC5BF6DD-7809-48DC-B93B-139B5CCAA091}.Debug|Any CPU.ActiveCfg = Debug|Any CPU
		{CC5BF6DD-7809-48DC-B93B-139B5CCAA091}.Debug|Any CPU.Build.0 = Debug|Any CPU
		{CC5BF6DD-7809-48DC-B93B-139B5CCAA091}.Release|Any CPU.ActiveCfg = Release|Any CPU
		{CC5BF6DD-7809-48DC-B93B-139B5CCAA091}.Release|Any CPU.Build.0 = Release|Any CPU
		{EE8A0633-DF44-494C-8BF6-4D0B2C323B8B}.Debug|Any CPU.ActiveCfg = Debug|Any CPU
		{EE8A0633-DF44-494C-8BF6-4D0B2C323B8B}.Debug|Any CPU.Build.0 = Debug|Any CPU
		{EE8A0633-DF44-494C-8BF6-4D0B2C323B8B}.Release|Any CPU.ActiveCfg = Release|Any CPU
		{EE8A0633-DF44-494C-8BF6-4D0B2C323B8B}.Release|Any CPU.Build.0 = Release|Any CPU
		{B235BCDF-D04D-4395-9AB6-2FC8B6171E74}.Debug|Any CPU.ActiveCfg = Debug|Any CPU
		{B235BCDF-D04D-4395-9AB6-2FC8B6171E74}.Debug|Any CPU.Build.0 = Debug|Any CPU
		{B235BCDF-D04D-4395-9AB6-2FC8B6171E74}.Release|Any CPU.ActiveCfg = Release|Any CPU
		{B235BCDF-D04D-4395-9AB6-2FC8B6171E74}.Release|Any CPU.Build.0 = Release|Any CPU
		{256258BF-B89F-4AFB-9681-114F41B7E60F}.Debug|Any CPU.ActiveCfg = Debug|Any CPU
		{256258BF-B89F-4AFB-9681-114F41B7E60F}.Debug|Any CPU.Build.0 = Debug|Any CPU
		{256258BF-B89F-4AFB-9681-114F41B7E60F}.Release|Any CPU.ActiveCfg = Release|Any CPU
		{256258BF-B89F-4AFB-9681-114F41B7E60F}.Release|Any CPU.Build.0 = Release|Any CPU
		{209DB3F0-DB17-4FF3-BE10-8282E3F8DE97}.Debug|Any CPU.ActiveCfg = Debug|Any CPU
		{209DB3F0-DB17-4FF3-BE10-8282E3F8DE97}.Debug|Any CPU.Build.0 = Debug|Any CPU
		{209DB3F0-DB17-4FF3-BE10-8282E3F8DE97}.Release|Any CPU.ActiveCfg = Release|Any CPU
		{209DB3F0-DB17-4FF3-BE10-8282E3F8DE97}.Release|Any CPU.Build.0 = Release|Any CPU
		{132D8143-2094-4153-8E30-ABC2FA300E98}.Debug|Any CPU.ActiveCfg = Debug|Any CPU
		{132D8143-2094-4153-8E30-ABC2FA300E98}.Debug|Any CPU.Build.0 = Debug|Any CPU
		{132D8143-2094-4153-8E30-ABC2FA300E98}.Release|Any CPU.ActiveCfg = Release|Any CPU
		{132D8143-2094-4153-8E30-ABC2FA300E98}.Release|Any CPU.Build.0 = Release|Any CPU
	EndGlobalSection
	GlobalSection(SolutionProperties) = preSolution
		HideSolutionNode = FALSE
	EndGlobalSection
	GlobalSection(NestedProjects) = preSolution
		{8E012306-711F-41E3-99BE-B0A2C7FB1B5E} = {02EA681E-C7D8-13C7-8484-4AC65E1B71E8}
		{47470325-2C53-4AC9-AAC4-1E2AF695477F} = {02EA681E-C7D8-13C7-8484-4AC65E1B71E8}
		{81A0C765-25BE-4FE4-BFCA-BBC9EE099878} = {02EA681E-C7D8-13C7-8484-4AC65E1B71E8}
		{AD57C589-CFC8-4A30-BC3C-78227EA56BF3} = {02EA681E-C7D8-13C7-8484-4AC65E1B71E8}
		{267A57F6-1017-4A7E-9CED-367A997BD83D} = {02EA681E-C7D8-13C7-8484-4AC65E1B71E8}
		{24C41730-929C-4932-99B9-C8376F57E4EA} = {02EA681E-C7D8-13C7-8484-4AC65E1B71E8}
		{E2D5F5E4-E510-4790-9E08-E939B0091D44} = {02EA681E-C7D8-13C7-8484-4AC65E1B71E8}
		{96F818CA-7C46-40C0-B58E-E6E267231E57} = {02EA681E-C7D8-13C7-8484-4AC65E1B71E8}
		{D6D3144E-A69E-4199-BB70-780ADAC220F2} = {02EA681E-C7D8-13C7-8484-4AC65E1B71E8}
		{34D7BC6A-979E-4AC6-B79A-590E12863EF2} = {02EA681E-C7D8-13C7-8484-4AC65E1B71E8}
		{6499D297-D9FE-4084-A1C8-58B44C8322E0} = {02EA681E-C7D8-13C7-8484-4AC65E1B71E8}
		{D916B329-33AE-4606-B337-5DC92D13DB49} = {02EA681E-C7D8-13C7-8484-4AC65E1B71E8}
		{82736FAF-0956-4107-A6C9-AB5854B2E7ED} = {02EA681E-C7D8-13C7-8484-4AC65E1B71E8}
		{E6D55173-06F3-4A92-85F9-8343015B7389} = {02EA681E-C7D8-13C7-8484-4AC65E1B71E8}
		{40454F6C-42E7-446E-8CE5-3687FDFF32E2} = {02EA681E-C7D8-13C7-8484-4AC65E1B71E8}
		{CC5BF6DD-7809-48DC-B93B-139B5CCAA091} = {02EA681E-C7D8-13C7-8484-4AC65E1B71E8}
		{EE8A0633-DF44-494C-8BF6-4D0B2C323B8B} = {02EA681E-C7D8-13C7-8484-4AC65E1B71E8}
		{B235BCDF-D04D-4395-9AB6-2FC8B6171E74} = {02EA681E-C7D8-13C7-8484-4AC65E1B71E8}
		{256258BF-B89F-4AFB-9681-114F41B7E60F} = {02EA681E-C7D8-13C7-8484-4AC65E1B71E8}
		{209DB3F0-DB17-4FF3-BE10-8282E3F8DE97} = {02EA681E-C7D8-13C7-8484-4AC65E1B71E8}
	EndGlobalSection
	GlobalSection(ExtensibilityGlobals) = postSolution
		SolutionGuid = {FADA38A3-0D94-4D6C-B82E-4D7DB7EC969F}
	EndGlobalSection
EndGlobal
